// !$*UTF8*$!
{
	archiveVersion = 1;
	classes = {
	};
	objectVersion = 46;
	objects = {

/* Begin PBXBuildFile section */
		36574C80193841E600F75616 /* Foundation.framework in Frameworks */ = {isa = PBXBuildFile; fileRef = 36574C7F193841E600F75616 /* Foundation.framework */; };
		36574C82193841E600F75616 /* CoreGraphics.framework in Frameworks */ = {isa = PBXBuildFile; fileRef = 36574C81193841E600F75616 /* CoreGraphics.framework */; };
		36574C84193841E600F75616 /* UIKit.framework in Frameworks */ = {isa = PBXBuildFile; fileRef = 36574C83193841E600F75616 /* UIKit.framework */; };
		36574C8A193841E600F75616 /* InfoPlist.strings in Resources */ = {isa = PBXBuildFile; fileRef = 36574C88193841E600F75616 /* InfoPlist.strings */; };
		36574C8C193841E600F75616 /* main.m in Sources */ = {isa = PBXBuildFile; fileRef = 36574C8B193841E600F75616 /* main.m */; };
		36574C90193841E600F75616 /* PFAppDelegate.m in Sources */ = {isa = PBXBuildFile; fileRef = 36574C8F193841E600F75616 /* PFAppDelegate.m */; };
		36574C98193841E600F75616 /* Images.xcassets in Resources */ = {isa = PBXBuildFile; fileRef = 36574C97193841E600F75616 /* Images.xcassets */; };
		36574C9F193841E600F75616 /* XCTest.framework in Frameworks */ = {isa = PBXBuildFile; fileRef = 36574C9E193841E600F75616 /* XCTest.framework */; };
		36574CA0193841E600F75616 /* Foundation.framework in Frameworks */ = {isa = PBXBuildFile; fileRef = 36574C7F193841E600F75616 /* Foundation.framework */; };
		36574CA1193841E600F75616 /* UIKit.framework in Frameworks */ = {isa = PBXBuildFile; fileRef = 36574C83193841E600F75616 /* UIKit.framework */; };
		36574CA9193841E600F75616 /* InfoPlist.strings in Resources */ = {isa = PBXBuildFile; fileRef = 36574CA7193841E600F75616 /* InfoPlist.strings */; };
		36574CAB193841E600F75616 /* SatitCMUTests.m in Sources */ = {isa = PBXBuildFile; fileRef = 36574CAA193841E600F75616 /* SatitCMUTests.m */; };
		36574CB71938441F00F75616 /* PFIndexViewController.m in Sources */ = {isa = PBXBuildFile; fileRef = 36574CB51938441F00F75616 /* PFIndexViewController.m */; };
		36574CB81938441F00F75616 /* PFIndexViewController.xib in Resources */ = {isa = PBXBuildFile; fileRef = 36574CB61938441F00F75616 /* PFIndexViewController.xib */; };
		36574CBA1938444900F75616 /* FacebookSDK.framework in Frameworks */ = {isa = PBXBuildFile; fileRef = 36574CB91938444900F75616 /* FacebookSDK.framework */; };
/* End PBXBuildFile section */

/* Begin PBXContainerItemProxy section */
		36574CA2193841E600F75616 /* PBXContainerItemProxy */ = {
			isa = PBXContainerItemProxy;
			containerPortal = 36574C74193841E500F75616 /* Project object */;
			proxyType = 1;
			remoteGlobalIDString = 36574C7B193841E500F75616;
			remoteInfo = SatitCMU;
		};
/* End PBXContainerItemProxy section */

/* Begin PBXFileReference section */
		36574C7C193841E600F75616 /* SatitCMU.app */ = {isa = PBXFileReference; explicitFileType = wrapper.application; includeInIndex = 0; path = SatitCMU.app; sourceTree = BUILT_PRODUCTS_DIR; };
		36574C7F193841E600F75616 /* Foundation.framework */ = {isa = PBXFileReference; lastKnownFileType = wrapper.framework; name = Foundation.framework; path = System/Library/Frameworks/Foundation.framework; sourceTree = SDKROOT; };
		36574C81193841E600F75616 /* CoreGraphics.framework */ = {isa = PBXFileReference; lastKnownFileType = wrapper.framework; name = CoreGraphics.framework; path = System/Library/Frameworks/CoreGraphics.framework; sourceTree = SDKROOT; };
		36574C83193841E600F75616 /* UIKit.framework */ = {isa = PBXFileReference; lastKnownFileType = wrapper.framework; name = UIKit.framework; path = System/Library/Frameworks/UIKit.framework; sourceTree = SDKROOT; };
		36574C87193841E600F75616 /* SatitCMU-Info.plist */ = {isa = PBXFileReference; lastKnownFileType = text.plist.xml; path = "SatitCMU-Info.plist"; sourceTree = "<group>"; };
		36574C89193841E600F75616 /* en */ = {isa = PBXFileReference; lastKnownFileType = text.plist.strings; name = en; path = en.lproj/InfoPlist.strings; sourceTree = "<group>"; };
		36574C8B193841E600F75616 /* main.m */ = {isa = PBXFileReference; lastKnownFileType = sourcecode.c.objc; path = main.m; sourceTree = "<group>"; };
		36574C8D193841E600F75616 /* SatitCMU-Prefix.pch */ = {isa = PBXFileReference; lastKnownFileType = sourcecode.c.h; path = "SatitCMU-Prefix.pch"; sourceTree = "<group>"; };
		36574C8E193841E600F75616 /* PFAppDelegate.h */ = {isa = PBXFileReference; lastKnownFileType = sourcecode.c.h; path = PFAppDelegate.h; sourceTree = "<group>"; };
		36574C8F193841E600F75616 /* PFAppDelegate.m */ = {isa = PBXFileReference; lastKnownFileType = sourcecode.c.objc; path = PFAppDelegate.m; sourceTree = "<group>"; };
		36574C97193841E600F75616 /* Images.xcassets */ = {isa = PBXFileReference; lastKnownFileType = folder.assetcatalog; path = Images.xcassets; sourceTree = "<group>"; };
		36574C9D193841E600F75616 /* SatitCMUTests.xctest */ = {isa = PBXFileReference; explicitFileType = wrapper.cfbundle; includeInIndex = 0; path = SatitCMUTests.xctest; sourceTree = BUILT_PRODUCTS_DIR; };
		36574C9E193841E600F75616 /* XCTest.framework */ = {isa = PBXFileReference; lastKnownFileType = wrapper.framework; name = XCTest.framework; path = Library/Frameworks/XCTest.framework; sourceTree = DEVELOPER_DIR; };
		36574CA6193841E600F75616 /* SatitCMUTests-Info.plist */ = {isa = PBXFileReference; lastKnownFileType = text.plist.xml; path = "SatitCMUTests-Info.plist"; sourceTree = "<group>"; };
		36574CA8193841E600F75616 /* en */ = {isa = PBXFileReference; lastKnownFileType = text.plist.strings; name = en; path = en.lproj/InfoPlist.strings; sourceTree = "<group>"; };
		36574CAA193841E600F75616 /* SatitCMUTests.m */ = {isa = PBXFileReference; lastKnownFileType = sourcecode.c.objc; path = SatitCMUTests.m; sourceTree = "<group>"; };
		36574CB41938441F00F75616 /* PFIndexViewController.h */ = {isa = PBXFileReference; fileEncoding = 4; lastKnownFileType = sourcecode.c.h; name = PFIndexViewController.h; path = View/PFIndexViewController.h; sourceTree = SOURCE_ROOT; };
		36574CB51938441F00F75616 /* PFIndexViewController.m */ = {isa = PBXFileReference; fileEncoding = 4; lastKnownFileType = sourcecode.c.objc; name = PFIndexViewController.m; path = View/PFIndexViewController.m; sourceTree = SOURCE_ROOT; };
		36574CB61938441F00F75616 /* PFIndexViewController.xib */ = {isa = PBXFileReference; fileEncoding = 4; lastKnownFileType = file.xib; name = PFIndexViewController.xib; path = View/PFIndexViewController.xib; sourceTree = SOURCE_ROOT; };
		36574CB91938444900F75616 /* FacebookSDK.framework */ = {isa = PBXFileReference; lastKnownFileType = wrapper.framework; name = FacebookSDK.framework; path = ../Frameworks/FacebookSDK.framework; sourceTree = "<group>"; };
/* End PBXFileReference section */

/* Begin PBXFrameworksBuildPhase section */
		36574C79193841E500F75616 /* Frameworks */ = {
			isa = PBXFrameworksBuildPhase;
			buildActionMask = 2147483647;
			files = (
				36574C82193841E600F75616 /* CoreGraphics.framework in Frameworks */,
				36574CBA1938444900F75616 /* FacebookSDK.framework in Frameworks */,
				36574C84193841E600F75616 /* UIKit.framework in Frameworks */,
				36574C80193841E600F75616 /* Foundation.framework in Frameworks */,
			);
			runOnlyForDeploymentPostprocessing = 0;
		};
		36574C9A193841E600F75616 /* Frameworks */ = {
			isa = PBXFrameworksBuildPhase;
			buildActionMask = 2147483647;
			files = (
				36574C9F193841E600F75616 /* XCTest.framework in Frameworks */,
				36574CA1193841E600F75616 /* UIKit.framework in Frameworks */,
				36574CA0193841E600F75616 /* Foundation.framework in Frameworks */,
			);
			runOnlyForDeploymentPostprocessing = 0;
		};
/* End PBXFrameworksBuildPhase section */

/* Begin PBXGroup section */
		36574C73193841E500F75616 = {
			isa = PBXGroup;
			children = (
				36574C85193841E600F75616 /* SatitCMU */,
				36574CA4193841E600F75616 /* SatitCMUTests */,
				36574C7E193841E600F75616 /* Frameworks */,
				36574C7D193841E600F75616 /* Products */,
			);
			sourceTree = "<group>";
		};
		36574C7D193841E600F75616 /* Products */ = {
			isa = PBXGroup;
			children = (
				36574C7C193841E600F75616 /* SatitCMU.app */,
				36574C9D193841E600F75616 /* SatitCMUTests.xctest */,
			);
			name = Products;
			sourceTree = "<group>";
		};
		36574C7E193841E600F75616 /* Frameworks */ = {
			isa = PBXGroup;
			children = (
				36574CB91938444900F75616 /* FacebookSDK.framework */,
				36574C7F193841E600F75616 /* Foundation.framework */,
				36574C81193841E600F75616 /* CoreGraphics.framework */,
				36574C83193841E600F75616 /* UIKit.framework */,
				36574C9E193841E600F75616 /* XCTest.framework */,
			);
			name = Frameworks;
			sourceTree = "<group>";
		};
		36574C85193841E600F75616 /* SatitCMU */ = {
			isa = PBXGroup;
			children = (
				36574C8E193841E600F75616 /* PFAppDelegate.h */,
				36574C8F193841E600F75616 /* PFAppDelegate.m */,
				36574CB41938441F00F75616 /* PFIndexViewController.h */,
				36574CB51938441F00F75616 /* PFIndexViewController.m */,
				36574CB61938441F00F75616 /* PFIndexViewController.xib */,
				36574C97193841E600F75616 /* Images.xcassets */,
				36574C86193841E600F75616 /* Supporting Files */,
			);
			path = SatitCMU;
			sourceTree = "<group>";
		};
		36574C86193841E600F75616 /* Supporting Files */ = {
			isa = PBXGroup;
			children = (
				36574C87193841E600F75616 /* SatitCMU-Info.plist */,
				36574C88193841E600F75616 /* InfoPlist.strings */,
				36574C8B193841E600F75616 /* main.m */,
				36574C8D193841E600F75616 /* SatitCMU-Prefix.pch */,
			);
			name = "Supporting Files";
			sourceTree = "<group>";
		};
		36574CA4193841E600F75616 /* SatitCMUTests */ = {
			isa = PBXGroup;
			children = (
				36574CAA193841E600F75616 /* SatitCMUTests.m */,
				36574CA5193841E600F75616 /* Supporting Files */,
			);
			path = SatitCMUTests;
			sourceTree = "<group>";
		};
		36574CA5193841E600F75616 /* Supporting Files */ = {
			isa = PBXGroup;
			children = (
				36574CA6193841E600F75616 /* SatitCMUTests-Info.plist */,
				36574CA7193841E600F75616 /* InfoPlist.strings */,
			);
			name = "Supporting Files";
			sourceTree = "<group>";
		};
/* End PBXGroup section */

/* Begin PBXNativeTarget section */
		36574C7B193841E500F75616 /* SatitCMU */ = {
			isa = PBXNativeTarget;
			buildConfigurationList = 36574CAE193841E600F75616 /* Build configuration list for PBXNativeTarget "SatitCMU" */;
			buildPhases = (
				36574C78193841E500F75616 /* Sources */,
				36574C79193841E500F75616 /* Frameworks */,
				36574C7A193841E500F75616 /* Resources */,
			);
			buildRules = (
			);
			dependencies = (
			);
			name = SatitCMU;
			productName = SatitCMU;
			productReference = 36574C7C193841E600F75616 /* SatitCMU.app */;
			productType = "com.apple.product-type.application";
		};
		36574C9C193841E600F75616 /* SatitCMUTests */ = {
			isa = PBXNativeTarget;
			buildConfigurationList = 36574CB1193841E600F75616 /* Build configuration list for PBXNativeTarget "SatitCMUTests" */;
			buildPhases = (
				36574C99193841E600F75616 /* Sources */,
				36574C9A193841E600F75616 /* Frameworks */,
				36574C9B193841E600F75616 /* Resources */,
			);
			buildRules = (
			);
			dependencies = (
				36574CA3193841E600F75616 /* PBXTargetDependency */,
			);
			name = SatitCMUTests;
			productName = SatitCMUTests;
			productReference = 36574C9D193841E600F75616 /* SatitCMUTests.xctest */;
			productType = "com.apple.product-type.bundle.unit-test";
		};
/* End PBXNativeTarget section */

/* Begin PBXProject section */
		36574C74193841E500F75616 /* Project object */ = {
			isa = PBXProject;
			attributes = {
				CLASSPREFIX = PF;
				LastUpgradeCheck = 0510;
				ORGANIZATIONNAME = "Platwo fusion";
				TargetAttributes = {
					36574C9C193841E600F75616 = {
						TestTargetID = 36574C7B193841E500F75616;
					};
				};
			};
			buildConfigurationList = 36574C77193841E500F75616 /* Build configuration list for PBXProject "SatitCMU" */;
			compatibilityVersion = "Xcode 3.2";
			developmentRegion = English;
			hasScannedForEncodings = 0;
			knownRegions = (
				en,
				Base,
			);
			mainGroup = 36574C73193841E500F75616;
			productRefGroup = 36574C7D193841E600F75616 /* Products */;
			projectDirPath = "";
			projectRoot = "";
			targets = (
				36574C7B193841E500F75616 /* SatitCMU */,
				36574C9C193841E600F75616 /* SatitCMUTests */,
			);
		};
/* End PBXProject section */

/* Begin PBXResourcesBuildPhase section */
		36574C7A193841E500F75616 /* Resources */ = {
			isa = PBXResourcesBuildPhase;
			buildActionMask = 2147483647;
			files = (
				36574C98193841E600F75616 /* Images.xcassets in Resources */,
				36574CB81938441F00F75616 /* PFIndexViewController.xib in Resources */,
				36574C8A193841E600F75616 /* InfoPlist.strings in Resources */,
			);
			runOnlyForDeploymentPostprocessing = 0;
		};
		36574C9B193841E600F75616 /* Resources */ = {
			isa = PBXResourcesBuildPhase;
			buildActionMask = 2147483647;
			files = (
				36574CA9193841E600F75616 /* InfoPlist.strings in Resources */,
			);
			runOnlyForDeploymentPostprocessing = 0;
		};
/* End PBXResourcesBuildPhase section */

/* Begin PBXSourcesBuildPhase section */
		36574C78193841E500F75616 /* Sources */ = {
			isa = PBXSourcesBuildPhase;
			buildActionMask = 2147483647;
			files = (
				36574C90193841E600F75616 /* PFAppDelegate.m in Sources */,
				36574CB71938441F00F75616 /* PFIndexViewController.m in Sources */,
				36574C8C193841E600F75616 /* main.m in Sources */,
			);
			runOnlyForDeploymentPostprocessing = 0;
		};
		36574C99193841E600F75616 /* Sources */ = {
			isa = PBXSourcesBuildPhase;
			buildActionMask = 2147483647;
			files = (
				36574CAB193841E600F75616 /* SatitCMUTests.m in Sources */,
			);
			runOnlyForDeploymentPostprocessing = 0;
		};
/* End PBXSourcesBuildPhase section */

/* Begin PBXTargetDependency section */
		36574CA3193841E600F75616 /* PBXTargetDependency */ = {
			isa = PBXTargetDependency;
			target = 36574C7B193841E500F75616 /* SatitCMU */;
			targetProxy = 36574CA2193841E600F75616 /* PBXContainerItemProxy */;
		};
/* End PBXTargetDependency section */

/* Begin PBXVariantGroup section */
		36574C88193841E600F75616 /* InfoPlist.strings */ = {
			isa = PBXVariantGroup;
			children = (
				36574C89193841E600F75616 /* en */,
			);
			name = InfoPlist.strings;
			sourceTree = "<group>";
		};
		36574CA7193841E600F75616 /* InfoPlist.strings */ = {
			isa = PBXVariantGroup;
			children = (
				36574CA8193841E600F75616 /* en */,
			);
			name = InfoPlist.strings;
			sourceTree = "<group>";
		};
/* End PBXVariantGroup section */

/* Begin XCBuildConfiguration section */
		36574CAC193841E600F75616 /* Debug */ = {
			isa = XCBuildConfiguration;
			buildSettings = {
				ALWAYS_SEARCH_USER_PATHS = YES;
				CLANG_CXX_LANGUAGE_STANDARD = "gnu++0x";
				CLANG_CXX_LIBRARY = "libc++";
				CLANG_ENABLE_MODULES = YES;
				CLANG_ENABLE_OBJC_ARC = YES;
				CLANG_WARN_BOOL_CONVERSION = YES;
				CLANG_WARN_CONSTANT_CONVERSION = YES;
				CLANG_WARN_DIRECT_OBJC_ISA_USAGE = YES_ERROR;
				CLANG_WARN_EMPTY_BODY = YES;
				CLANG_WARN_ENUM_CONVERSION = YES;
				CLANG_WARN_INT_CONVERSION = YES;
				CLANG_WARN_OBJC_ROOT_CLASS = YES_ERROR;
				CLANG_WARN__DUPLICATE_METHOD_MATCH = YES;
				"CODE_SIGN_IDENTITY[sdk=iphoneos*]" = "iPhone Developer";
				COPY_PHASE_STRIP = NO;
				GCC_C_LANGUAGE_STANDARD = gnu99;
				GCC_DYNAMIC_NO_PIC = NO;
				GCC_OPTIMIZATION_LEVEL = 0;
				GCC_PREPROCESSOR_DEFINITIONS = (
					"DEBUG=1",
					"$(inherited)",
				);
				GCC_SYMBOLS_PRIVATE_EXTERN = NO;
				GCC_WARN_64_TO_32_BIT_CONVERSION = YES;
				GCC_WARN_ABOUT_RETURN_TYPE = YES_ERROR;
				GCC_WARN_UNDECLARED_SELECTOR = YES;
				GCC_WARN_UNINITIALIZED_AUTOS = YES_AGGRESSIVE;
				GCC_WARN_UNUSED_FUNCTION = YES;
				GCC_WARN_UNUSED_VARIABLE = YES;
				IPHONEOS_DEPLOYMENT_TARGET = 7.1;
				ONLY_ACTIVE_ARCH = YES;
				SDKROOT = iphoneos;
			};
			name = Debug;
		};
		36574CAD193841E600F75616 /* Release */ = {
			isa = XCBuildConfiguration;
			buildSettings = {
				ALWAYS_SEARCH_USER_PATHS = YES;
				CLANG_CXX_LANGUAGE_STANDARD = "gnu++0x";
				CLANG_CXX_LIBRARY = "libc++";
				CLANG_ENABLE_MODULES = YES;
				CLANG_ENABLE_OBJC_ARC = YES;
				CLANG_WARN_BOOL_CONVERSION = YES;
				CLANG_WARN_CONSTANT_CONVERSION = YES;
				CLANG_WARN_DIRECT_OBJC_ISA_USAGE = YES_ERROR;
				CLANG_WARN_EMPTY_BODY = YES;
				CLANG_WARN_ENUM_CONVERSION = YES;
				CLANG_WARN_INT_CONVERSION = YES;
				CLANG_WARN_OBJC_ROOT_CLASS = YES_ERROR;
				CLANG_WARN__DUPLICATE_METHOD_MATCH = YES;
				"CODE_SIGN_IDENTITY[sdk=iphoneos*]" = "iPhone Developer";
				COPY_PHASE_STRIP = YES;
				ENABLE_NS_ASSERTIONS = NO;
				GCC_C_LANGUAGE_STANDARD = gnu99;
				GCC_WARN_64_TO_32_BIT_CONVERSION = YES;
				GCC_WARN_ABOUT_RETURN_TYPE = YES_ERROR;
				GCC_WARN_UNDECLARED_SELECTOR = YES;
				GCC_WARN_UNINITIALIZED_AUTOS = YES_AGGRESSIVE;
				GCC_WARN_UNUSED_FUNCTION = YES;
				GCC_WARN_UNUSED_VARIABLE = YES;
				IPHONEOS_DEPLOYMENT_TARGET = 7.1;
				SDKROOT = iphoneos;
				VALIDATE_PRODUCT = YES;
			};
			name = Release;
		};
		36574CAF193841E600F75616 /* Debug */ = {
			isa = XCBuildConfiguration;
			buildSettings = {
				ASSETCATALOG_COMPILER_APPICON_NAME = AppIcon;
				ASSETCATALOG_COMPILER_LAUNCHIMAGE_NAME = LaunchImage;
				FRAMEWORK_SEARCH_PATHS = (
					"$(inherited)",
					"/Users/MRG/Documents/Apps/SatitCMU-iOS-V2/Frameworks",
				);
				GCC_PRECOMPILE_PREFIX_HEADER = YES;
				GCC_PREFIX_HEADER = "SatitCMU/SatitCMU-Prefix.pch";
				INFOPLIST_FILE = "SatitCMU/SatitCMU-Info.plist";
				PRODUCT_NAME = "$(TARGET_NAME)";
				WRAPPER_EXTENSION = app;
			};
			name = Debug;
		};
		36574CB0193841E600F75616 /* Release */ = {
			isa = XCBuildConfiguration;
			buildSettings = {
				ASSETCATALOG_COMPILER_APPICON_NAME = AppIcon;
				ASSETCATALOG_COMPILER_LAUNCHIMAGE_NAME = LaunchImage;
				FRAMEWORK_SEARCH_PATHS = (
					"$(inherited)",
					"/Users/MRG/Documents/Apps/SatitCMU-iOS-V2/Frameworks",
				);
				GCC_PRECOMPILE_PREFIX_HEADER = YES;
				GCC_PREFIX_HEADER = "SatitCMU/SatitCMU-Prefix.pch";
				INFOPLIST_FILE = "SatitCMU/SatitCMU-Info.plist";
				PRODUCT_NAME = "$(TARGET_NAME)";
				WRAPPER_EXTENSION = app;
			};
			name = Release;
		};
		36574CB2193841E600F75616 /* Debug */ = {
			isa = XCBuildConfiguration;
			buildSettings = {
				BUNDLE_LOADER = "$(BUILT_PRODUCTS_DIR)/SatitCMU.app/SatitCMU";
				FRAMEWORK_SEARCH_PATHS = (
					"$(SDKROOT)/Developer/Library/Frameworks",
					"$(inherited)",
					"$(DEVELOPER_FRAMEWORKS_DIR)",
				);
				GCC_PRECOMPILE_PREFIX_HEADER = YES;
				GCC_PREFIX_HEADER = "SatitCMU/SatitCMU-Prefix.pch";
				GCC_PREPROCESSOR_DEFINITIONS = (
					"DEBUG=1",
					"$(inherited)",
				);
				INFOPLIST_FILE = "SatitCMUTests/SatitCMUTests-Info.plist";
				PRODUCT_NAME = "$(TARGET_NAME)";
				TEST_HOST = "$(BUNDLE_LOADER)";
				WRAPPER_EXTENSION = xctest;
			};
			name = Debug;
		};
		36574CB3193841E600F75616 /* Release */ = {
			isa = XCBuildConfiguration;
			buildSettings = {
				BUNDLE_LOADER = "$(BUILT_PRODUCTS_DIR)/SatitCMU.app/SatitCMU";
				FRAMEWORK_SEARCH_PATHS = (
					"$(SDKROOT)/Developer/Library/Frameworks",
					"$(inherited)",
					"$(DEVELOPER_FRAMEWORKS_DIR)",
				);
				GCC_PRECOMPILE_PREFIX_HEADER = YES;
				GCC_PREFIX_HEADER = "SatitCMU/SatitCMU-Prefix.pch";
				INFOPLIST_FILE = "SatitCMUTests/SatitCMUTests-Info.plist";
				PRODUCT_NAME = "$(TARGET_NAME)";
				TEST_HOST = "$(BUNDLE_LOADER)";
				WRAPPER_EXTENSION = xctest;
			};
			name = Release;
		};
/* End XCBuildConfiguration section */

/* Begin XCConfigurationList section */
		36574C77193841E500F75616 /* Build configuration list for PBXProject "SatitCMU" */ = {
			isa = XCConfigurationList;
			buildConfigurations = (
				36574CAC193841E600F75616 /* Debug */,
				36574CAD193841E600F75616 /* Release */,
			);
			defaultConfigurationIsVisible = 0;
			defaultConfigurationName = Release;
		};
		36574CAE193841E600F75616 /* Build configuration list for PBXNativeTarget "SatitCMU" */ = {
			isa = XCConfigurationList;
			buildConfigurations = (
				36574CAF193841E600F75616 /* Debug */,
				36574CB0193841E600F75616 /* Release */,
			);
			defaultConfigurationIsVisible = 0;
		};
		36574CB1193841E600F75616 /* Build configuration list for PBXNativeTarget "SatitCMUTests" */ = {
			isa = XCConfigurationList;
			buildConfigurations = (
				36574CB2193841E600F75616 /* Debug */,
				36574CB3193841E600F75616 /* Release */,
			);
			defaultConfigurationIsVisible = 0;
		};
/* End XCConfigurationList section */
	};
	rootObject = 36574C74193841E500F75616 /* Project object */;
}
